
Microsoft Visual Studio Solution File, Format Version 12.00
# Visual Studio Version 17
VisualStudioVersion = 17.0.31903.59
MinimumVisualStudioVersion = 10.0.40219.1
Project("{2150E333-8FDC-42A3-9474-1A3956D46DE8}") = "src", "src", "{827E0CD3-B72D-47B6-A68D-7590B98EB39B}"
EndProject
Project("{FAE04EC0-301F-11D3-BF4B-00C04F79EFBC}") = "GymManagement.Api", "src\GymManagement.Api\GymManagement.Api.csproj", "{3AF80413-8F24-4C10-9E00-5F96D2147FBC}"
EndProject
Project("{FAE04EC0-301F-11D3-BF4B-00C04F79EFBC}") = "GymManagement.Application", "src\GymManagement.Application\GymManagement.Application.csproj", "{4F5816A9-2CAB-4C9C-BB2C-AB18D975E3B7}"
EndProject
Project("{FAE04EC0-301F-11D3-BF4B-00C04F79EFBC}") = "GymManagement.Domain", "src\GymManagement.Domain\GymManagement.Domain.csproj", "{11AE4AE8-0200-4125-8CDE-7B66C3D13ECD}"
EndProject
Project("{FAE04EC0-301F-11D3-BF4B-00C04F79EFBC}") = "GymManagement.Infrastructure", "src\GymManagement.Infrastructure\GymManagement.Infrastructure.csproj", "{60E61D70-062E-4D51-8C78-9C748BAF82DD}"
EndProject
Project("{FAE04EC0-301F-11D3-BF4B-00C04F79EFBC}") = "GymManagement.Contracts", "src\GymManagement.Contracts\GymManagement.Contracts.csproj", "{46ECD729-745E-471F-B552-22F03D6043FE}"
EndProject
Global
	GlobalSection(SolutionConfigurationPlatforms) = preSolution
		Debug|Any CPU = Debug|Any CPU
		Debug|x64 = Debug|x64
		Debug|x86 = Debug|x86
		Release|Any CPU = Release|Any CPU
		Release|x64 = Release|x64
		Release|x86 = Release|x86
	EndGlobalSection
	GlobalSection(ProjectConfigurationPlatforms) = postSolution
		{3AF80413-8F24-4C10-9E00-5F96D2147FBC}.Debug|Any CPU.ActiveCfg = Debug|Any CPU
		{3AF80413-8F24-4C10-9E00-5F96D2147FBC}.Debug|Any CPU.Build.0 = Debug|Any CPU
		{3AF80413-8F24-4C10-9E00-5F96D2147FBC}.Debug|x64.ActiveCfg = Debug|Any CPU
		{3AF80413-8F24-4C10-9E00-5F96D2147FBC}.Debug|x64.Build.0 = Debug|Any CPU
		{3AF80413-8F24-4C10-9E00-5F96D2147FBC}.Debug|x86.ActiveCfg = Debug|Any CPU
		{3AF80413-8F24-4C10-9E00-5F96D2147FBC}.Debug|x86.Build.0 = Debug|Any CPU
		{3AF80413-8F24-4C10-9E00-5F96D2147FBC}.Release|Any CPU.ActiveCfg = Release|Any CPU
		{3AF80413-8F24-4C10-9E00-5F96D2147FBC}.Release|Any CPU.Build.0 = Release|Any CPU
		{3AF80413-8F24-4C10-9E00-5F96D2147FBC}.Release|x64.ActiveCfg = Release|Any CPU
		{3AF80413-8F24-4C10-9E00-5F96D2147FBC}.Release|x64.Build.0 = Release|Any CPU
		{3AF80413-8F24-4C10-9E00-5F96D2147FBC}.Release|x86.ActiveCfg = Release|Any CPU
		{3AF80413-8F24-4C10-9E00-5F96D2147FBC}.Release|x86.Build.0 = Release|Any CPU
		{4F5816A9-2CAB-4C9C-BB2C-AB18D975E3B7}.Debug|Any CPU.ActiveCfg = Debug|Any CPU
		{4F5816A9-2CAB-4C9C-BB2C-AB18D975E3B7}.Debug|Any CPU.Build.0 = Debug|Any CPU
		{4F5816A9-2CAB-4C9C-BB2C-AB18D975E3B7}.Debug|x64.ActiveCfg = Debug|Any CPU
		{4F5816A9-2CAB-4C9C-BB2C-AB18D975E3B7}.Debug|x64.Build.0 = Debug|Any CPU
		{4F5816A9-2CAB-4C9C-BB2C-AB18D975E3B7}.Debug|x86.ActiveCfg = Debug|Any CPU
		{4F5816A9-2CAB-4C9C-BB2C-AB18D975E3B7}.Debug|x86.Build.0 = Debug|Any CPU
		{4F5816A9-2CAB-4C9C-BB2C-AB18D975E3B7}.Release|Any CPU.ActiveCfg = Release|Any CPU
		{4F5816A9-2CAB-4C9C-BB2C-AB18D975E3B7}.Release|Any CPU.Build.0 = Release|Any CPU
		{4F5816A9-2CAB-4C9C-BB2C-AB18D975E3B7}.Release|x64.ActiveCfg = Release|Any CPU
		{4F5816A9-2CAB-4C9C-BB2C-AB18D975E3B7}.Release|x64.Build.0 = Release|Any CPU
		{4F5816A9-2CAB-4C9C-BB2C-AB18D975E3B7}.Release|x86.ActiveCfg = Release|Any CPU
		{4F5816A9-2CAB-4C9C-BB2C-AB18D975E3B7}.Release|x86.Build.0 = Release|Any CPU
		{11AE4AE8-0200-4125-8CDE-7B66C3D13ECD}.Debug|Any CPU.ActiveCfg = Debug|Any CPU
		{11AE4AE8-0200-4125-8CDE-7B66C3D13ECD}.Debug|Any CPU.Build.0 = Debug|Any CPU
		{11AE4AE8-0200-4125-8CDE-7B66C3D13ECD}.Debug|x64.ActiveCfg = Debug|Any CPU
		{11AE4AE8-0200-4125-8CDE-7B66C3D13ECD}.Debug|x64.Build.0 = Debug|Any CPU
		{11AE4AE8-0200-4125-8CDE-7B66C3D13ECD}.Debug|x86.ActiveCfg = Debug|Any CPU
		{11AE4AE8-0200-4125-8CDE-7B66C3D13ECD}.Debug|x86.Build.0 = Debug|Any CPU
		{11AE4AE8-0200-4125-8CDE-7B66C3D13ECD}.Release|Any CPU.ActiveCfg = Release|Any CPU
		{11AE4AE8-0200-4125-8CDE-7B66C3D13ECD}.Release|Any CPU.Build.0 = Release|Any CPU
		{11AE4AE8-0200-4125-8CDE-7B66C3D13ECD}.Release|x64.ActiveCfg = Release|Any CPU
		{11AE4AE8-0200-4125-8CDE-7B66C3D13ECD}.Release|x64.Build.0 = Release|Any CPU
		{11AE4AE8-0200-4125-8CDE-7B66C3D13ECD}.Release|x86.ActiveCfg = Release|Any CPU
		{11AE4AE8-0200-4125-8CDE-7B66C3D13ECD}.Release|x86.Build.0 = Release|Any CPU
		{60E61D70-062E-4D51-8C78-9C748BAF82DD}.Debug|Any CPU.ActiveCfg = Debug|Any CPU
		{60E61D70-062E-4D51-8C78-9C748BAF82DD}.Debug|Any CPU.Build.0 = Debug|Any CPU
		{60E61D70-062E-4D51-8C78-9C748BAF82DD}.Debug|x64.ActiveCfg = Debug|Any CPU
		{60E61D70-062E-4D51-8C78-9C748BAF82DD}.Debug|x64.Build.0 = Debug|Any CPU
		{60E61D70-062E-4D51-8C78-9C748BAF82DD}.Debug|x86.ActiveCfg = Debug|Any CPU
		{60E61D70-062E-4D51-8C78-9C748BAF82DD}.Debug|x86.Build.0 = Debug|Any CPU
		{60E61D70-062E-4D51-8C78-9C748BAF82DD}.Release|Any CPU.ActiveCfg = Release|Any CPU
		{60E61D70-062E-4D51-8C78-9C748BAF82DD}.Release|Any CPU.Build.0 = Release|Any CPU
		{60E61D70-062E-4D51-8C78-9C748BAF82DD}.Release|x64.ActiveCfg = Release|Any CPU
		{60E61D70-062E-4D51-8C78-9C748BAF82DD}.Release|x64.Build.0 = Release|Any CPU
		{60E61D70-062E-4D51-8C78-9C748BAF82DD}.Release|x86.ActiveCfg = Release|Any CPU
		{60E61D70-062E-4D51-8C78-9C748BAF82DD}.Release|x86.Build.0 = Release|Any CPU
		{46ECD729-745E-471F-B552-22F03D6043FE}.Debug|Any CPU.ActiveCfg = Debug|Any CPU
		{46ECD729-745E-471F-B552-22F03D6043FE}.Debug|Any CPU.Build.0 = Debug|Any CPU
		{46ECD729-745E-471F-B552-22F03D6043FE}.Debug|x64.ActiveCfg = Debug|Any CPU
		{46ECD729-745E-471F-B552-22F03D6043FE}.Debug|x64.Build.0 = Debug|Any CPU
		{46ECD729-745E-471F-B552-22F03D6043FE}.Debug|x86.ActiveCfg = Debug|Any CPU
		{46ECD729-745E-471F-B552-22F03D6043FE}.Debug|x86.Build.0 = Debug|Any CPU
		{46ECD729-745E-471F-B552-22F03D6043FE}.Release|Any CPU.ActiveCfg = Release|Any CPU
		{46ECD729-745E-471F-B552-22F03D6043FE}.Release|Any CPU.Build.0 = Release|Any CPU
		{46ECD729-745E-471F-B552-22F03D6043FE}.Release|x64.ActiveCfg = Release|Any CPU
		{46ECD729-745E-471F-B552-22F03D6043FE}.Release|x64.Build.0 = Release|Any CPU
		{46ECD729-745E-471F-B552-22F03D6043FE}.Release|x86.ActiveCfg = Release|Any CPU
		{46ECD729-745E-471F-B552-22F03D6043FE}.Release|x86.Build.0 = Release|Any CPU
	EndGlobalSection
	GlobalSection(SolutionProperties) = preSolution
		HideSolutionNode = FALSE
	EndGlobalSection
	GlobalSection(NestedProjects) = preSolution
		{3AF80413-8F24-4C10-9E00-5F96D2147FBC} = {827E0CD3-B72D-47B6-A68D-7590B98EB39B}
		{4F5816A9-2CAB-4C9C-BB2C-AB18D975E3B7} = {827E0CD3-B72D-47B6-A68D-7590B98EB39B}
		{11AE4AE8-0200-4125-8CDE-7B66C3D13ECD} = {827E0CD3-B72D-47B6-A68D-7590B98EB39B}
		{60E61D70-062E-4D51-8C78-9C748BAF82DD} = {827E0CD3-B72D-47B6-A68D-7590B98EB39B}
		{46ECD729-745E-471F-B552-22F03D6043FE} = {827E0CD3-B72D-47B6-A68D-7590B98EB39B}
	EndGlobalSection
EndGlobal
